
Microsoft Visual Studio Solution File, Format Version 12.00
# Visual Studio Version 17
VisualStudioVersion = 17.1.32210.238
MinimumVisualStudioVersion = 10.0.40219.1
Project("{9A19103F-16F7-4668-BE54-9A1E7A4F7556}") = "Aurora.Configs", "Aurora.Configs\Aurora.Configs.csproj", "{C0637CD4-2EF8-4A97-9851-7C95B14732ED}"
EndProject
Project("{9A19103F-16F7-4668-BE54-9A1E7A4F7556}") = "Aurora.Crypt", "Aurora.Crypt\Aurora.Crypt.csproj", "{968FF477-AE9F-400E-A91C-1489C0E30AEC}"
EndProject
Project("{9A19103F-16F7-4668-BE54-9A1E7A4F7556}") = "Aurora.Crypt.Forms", "Aurora.Crypt.Forms\Aurora.Crypt.Forms.csproj", "{028B8930-A4E6-46BD-96EF-48185BC1B607}"
EndProject
Project("{9A19103F-16F7-4668-BE54-9A1E7A4F7556}") = "Aurora.IO", "Aurora.IO\Aurora.IO.csproj", "{49D9527D-CC33-4D6B-B634-326ADAF6E3FB}"
EndProject
Project("{9A19103F-16F7-4668-BE54-9A1E7A4F7556}") = "Aurora.Wpf", "Aurora.Wpf\Aurora.Wpf.csproj", "{0EF9CC52-19EF-4631-BAA2-E48D3443343F}"
EndProject
Project("{2150E333-8FDC-42A3-9474-1A3956D46DE8}") = "Solution Items", "Solution Items", "{28FA7938-6042-4831-B0DF-7D75512891F3}"
	ProjectSection(SolutionItems) = preProject
		LICENSE = LICENSE
		License.txt = License.txt
		nuget.ps1 = nuget.ps1
		README.md = README.md
		sunrise.png = sunrise.png
	EndProjectSection
EndProject
Project("{2150E333-8FDC-42A3-9474-1A3956D46DE8}") = "Common", "Common", "{57A5D880-125C-43F0-9709-AF4945693F80}"
	ProjectSection(SolutionItems) = preProject
		Common\Aurora.nlog = Common\Aurora.nlog
		Common\NLog.config = Common\NLog.config
		Common\NLog.xsd = Common\NLog.xsd
	EndProjectSection
EndProject
Project("{9A19103F-16F7-4668-BE54-9A1E7A4F7556}") = "Aurora.Math", "Aurora.Math\Aurora.Math.csproj", "{FCE0D9F3-6FE9-4C11-BE86-CF4B2EEAC957}"
EndProject
Project("{FAE04EC0-301F-11D3-BF4B-00C04F79EFBC}") = "AuroraUnitTestLegacy", "UnitTest\AuroraUnitTestLegacy.csproj", "{06DAD3AB-59B7-4D34-BD48-033F4D389D84}"
EndProject
Project("{9A19103F-16F7-4668-BE54-9A1E7A4F7556}") = "Aurora.SignalR", "Aurora.SignalR\Aurora.SignalR.csproj", "{9D8357B0-EE21-4FC8-9BD0-B4A094CE4575}"
EndProject
Project("{FAE04EC0-301F-11D3-BF4B-00C04F79EFBC}") = "Aurora.Test", "Aurora.Test\Aurora.Test.csproj", "{531D057C-EF4B-4CE0-8CF2-145F05C9AC32}"
EndProject
Project("{FAE04EC0-301F-11D3-BF4B-00C04F79EFBC}") = "Aurora.SignalR.FrameConsole", "Aurora.SignalR.FrameConsole\Aurora.SignalR.FrameConsole.csproj", "{45A245C0-F6E4-4F4C-94A9-5F1B419976F6}"
EndProject
Project("{FAE04EC0-301F-11D3-BF4B-00C04F79EFBC}") = "Filetest", "Filetest\Filetest.csproj", "{B3BD416A-D0A8-4BEE-81E8-A18852B8A3B6}"
EndProject
Project("{9A19103F-16F7-4668-BE54-9A1E7A4F7556}") = "Aurora.Forms", "Aurora.Forms\Aurora.Forms.csproj", "{D3F79B8E-612E-4DBB-90AE-6FD3AC3507D0}"
EndProject
Project("{9A19103F-16F7-4668-BE54-9A1E7A4F7556}") = "Aurora.Misc", "Aurora.Misc\Aurora.Misc.csproj", "{9D4F72BA-C266-4E6F-88A4-1B2A8DA5E4AF}"
EndProject
Project("{9A19103F-16F7-4668-BE54-9A1E7A4F7556}") = "AuroraUnitTests", "AuroraTests\AuroraUnitTests.csproj", "{524CBE75-22FB-4A3B-9C87-4A336CBAD051}"
EndProject
Project("{9A19103F-16F7-4668-BE54-9A1E7A4F7556}") = "Aurora.Wpf.Core", "Aurora.Wpf.Core\Aurora.Wpf.Core.csproj", "{19414814-34F0-45F3-A784-50A2ED235406}"
EndProject
Global
	GlobalSection(SolutionConfigurationPlatforms) = preSolution
		Debug|Any CPU = Debug|Any CPU
		Release|Any CPU = Release|Any CPU
	EndGlobalSection
	GlobalSection(ProjectConfigurationPlatforms) = postSolution
		{C0637CD4-2EF8-4A97-9851-7C95B14732ED}.Debug|Any CPU.ActiveCfg = Debug|Any CPU
		{C0637CD4-2EF8-4A97-9851-7C95B14732ED}.Debug|Any CPU.Build.0 = Debug|Any CPU
		{C0637CD4-2EF8-4A97-9851-7C95B14732ED}.Release|Any CPU.ActiveCfg = Release|Any CPU
		{C0637CD4-2EF8-4A97-9851-7C95B14732ED}.Release|Any CPU.Build.0 = Release|Any CPU
		{968FF477-AE9F-400E-A91C-1489C0E30AEC}.Debug|Any CPU.ActiveCfg = Debug|Any CPU
		{968FF477-AE9F-400E-A91C-1489C0E30AEC}.Debug|Any CPU.Build.0 = Debug|Any CPU
		{968FF477-AE9F-400E-A91C-1489C0E30AEC}.Release|Any CPU.ActiveCfg = Release|Any CPU
		{968FF477-AE9F-400E-A91C-1489C0E30AEC}.Release|Any CPU.Build.0 = Release|Any CPU
		{028B8930-A4E6-46BD-96EF-48185BC1B607}.Debug|Any CPU.ActiveCfg = Debug|Any CPU
		{028B8930-A4E6-46BD-96EF-48185BC1B607}.Debug|Any CPU.Build.0 = Debug|Any CPU
		{028B8930-A4E6-46BD-96EF-48185BC1B607}.Release|Any CPU.ActiveCfg = Release|Any CPU
		{028B8930-A4E6-46BD-96EF-48185BC1B607}.Release|Any CPU.Build.0 = Release|Any CPU
		{49D9527D-CC33-4D6B-B634-326ADAF6E3FB}.Debug|Any CPU.ActiveCfg = Debug|Any CPU
		{49D9527D-CC33-4D6B-B634-326ADAF6E3FB}.Debug|Any CPU.Build.0 = Debug|Any CPU
		{49D9527D-CC33-4D6B-B634-326ADAF6E3FB}.Release|Any CPU.ActiveCfg = Release|Any CPU
		{49D9527D-CC33-4D6B-B634-326ADAF6E3FB}.Release|Any CPU.Build.0 = Release|Any CPU
		{0EF9CC52-19EF-4631-BAA2-E48D3443343F}.Debug|Any CPU.ActiveCfg = Debug|Any CPU
		{0EF9CC52-19EF-4631-BAA2-E48D3443343F}.Debug|Any CPU.Build.0 = Debug|Any CPU
		{0EF9CC52-19EF-4631-BAA2-E48D3443343F}.Release|Any CPU.ActiveCfg = Release|Any CPU
		{0EF9CC52-19EF-4631-BAA2-E48D3443343F}.Release|Any CPU.Build.0 = Release|Any CPU
		{FCE0D9F3-6FE9-4C11-BE86-CF4B2EEAC957}.Debug|Any CPU.ActiveCfg = Debug|Any CPU
		{FCE0D9F3-6FE9-4C11-BE86-CF4B2EEAC957}.Debug|Any CPU.Build.0 = Debug|Any CPU
		{FCE0D9F3-6FE9-4C11-BE86-CF4B2EEAC957}.Release|Any CPU.ActiveCfg = Release|Any CPU
		{FCE0D9F3-6FE9-4C11-BE86-CF4B2EEAC957}.Release|Any CPU.Build.0 = Release|Any CPU
		{06DAD3AB-59B7-4D34-BD48-033F4D389D84}.Debug|Any CPU.ActiveCfg = Debug|Any CPU
		{06DAD3AB-59B7-4D34-BD48-033F4D389D84}.Debug|Any CPU.Build.0 = Debug|Any CPU
		{06DAD3AB-59B7-4D34-BD48-033F4D389D84}.Release|Any CPU.ActiveCfg = Release|Any CPU
		{06DAD3AB-59B7-4D34-BD48-033F4D389D84}.Release|Any CPU.Build.0 = Release|Any CPU
		{9D8357B0-EE21-4FC8-9BD0-B4A094CE4575}.Debug|Any CPU.ActiveCfg = Debug|Any CPU
		{9D8357B0-EE21-4FC8-9BD0-B4A094CE4575}.Debug|Any CPU.Build.0 = Debug|Any CPU
		{9D8357B0-EE21-4FC8-9BD0-B4A094CE4575}.Release|Any CPU.ActiveCfg = Release|Any CPU
		{9D8357B0-EE21-4FC8-9BD0-B4A094CE4575}.Release|Any CPU.Build.0 = Release|Any CPU
		{531D057C-EF4B-4CE0-8CF2-145F05C9AC32}.Debug|Any CPU.ActiveCfg = Debug|Any CPU
		{531D057C-EF4B-4CE0-8CF2-145F05C9AC32}.Debug|Any CPU.Build.0 = Debug|Any CPU
		{531D057C-EF4B-4CE0-8CF2-145F05C9AC32}.Release|Any CPU.ActiveCfg = Release|Any CPU
		{531D057C-EF4B-4CE0-8CF2-145F05C9AC32}.Release|Any CPU.Build.0 = Release|Any CPU
		{45A245C0-F6E4-4F4C-94A9-5F1B419976F6}.Debug|Any CPU.ActiveCfg = Debug|Any CPU
		{45A245C0-F6E4-4F4C-94A9-5F1B419976F6}.Debug|Any CPU.Build.0 = Debug|Any CPU
		{45A245C0-F6E4-4F4C-94A9-5F1B419976F6}.Release|Any CPU.ActiveCfg = Release|Any CPU
		{45A245C0-F6E4-4F4C-94A9-5F1B419976F6}.Release|Any CPU.Build.0 = Release|Any CPU
		{B3BD416A-D0A8-4BEE-81E8-A18852B8A3B6}.Debug|Any CPU.ActiveCfg = Debug|Any CPU
		{B3BD416A-D0A8-4BEE-81E8-A18852B8A3B6}.Debug|Any CPU.Build.0 = Debug|Any CPU
		{B3BD416A-D0A8-4BEE-81E8-A18852B8A3B6}.Release|Any CPU.ActiveCfg = Release|Any CPU
		{B3BD416A-D0A8-4BEE-81E8-A18852B8A3B6}.Release|Any CPU.Build.0 = Release|Any CPU
		{D3F79B8E-612E-4DBB-90AE-6FD3AC3507D0}.Debug|Any CPU.ActiveCfg = Debug|Any CPU
		{D3F79B8E-612E-4DBB-90AE-6FD3AC3507D0}.Debug|Any CPU.Build.0 = Debug|Any CPU
		{D3F79B8E-612E-4DBB-90AE-6FD3AC3507D0}.Release|Any CPU.ActiveCfg = Release|Any CPU
		{D3F79B8E-612E-4DBB-90AE-6FD3AC3507D0}.Release|Any CPU.Build.0 = Release|Any CPU
		{9D4F72BA-C266-4E6F-88A4-1B2A8DA5E4AF}.Debug|Any CPU.ActiveCfg = Debug|Any CPU
		{9D4F72BA-C266-4E6F-88A4-1B2A8DA5E4AF}.Debug|Any CPU.Build.0 = Debug|Any CPU
		{9D4F72BA-C266-4E6F-88A4-1B2A8DA5E4AF}.Release|Any CPU.ActiveCfg = Release|Any CPU
		{9D4F72BA-C266-4E6F-88A4-1B2A8DA5E4AF}.Release|Any CPU.Build.0 = Release|Any CPU
		{524CBE75-22FB-4A3B-9C87-4A336CBAD051}.Debug|Any CPU.ActiveCfg = Debug|Any CPU
		{524CBE75-22FB-4A3B-9C87-4A336CBAD051}.Debug|Any CPU.Build.0 = Debug|Any CPU
		{524CBE75-22FB-4A3B-9C87-4A336CBAD051}.Release|Any CPU.ActiveCfg = Release|Any CPU
		{524CBE75-22FB-4A3B-9C87-4A336CBAD051}.Release|Any CPU.Build.0 = Release|Any CPU
		{19414814-34F0-45F3-A784-50A2ED235406}.Debug|Any CPU.ActiveCfg = Debug|Any CPU
		{19414814-34F0-45F3-A784-50A2ED235406}.Debug|Any CPU.Build.0 = Debug|Any CPU
		{19414814-34F0-45F3-A784-50A2ED235406}.Release|Any CPU.ActiveCfg = Release|Any CPU
		{19414814-34F0-45F3-A784-50A2ED235406}.Release|Any CPU.Build.0 = Release|Any CPU
	EndGlobalSection
	GlobalSection(SolutionProperties) = preSolution
		HideSolutionNode = FALSE
	EndGlobalSection
	GlobalSection(ExtensibilityGlobals) = postSolution
		SolutionGuid = {2531B721-102F-460B-816E-D985A68C7BEB}
	EndGlobalSection
EndGlobal
